// !$*UTF8*$!
{
	archiveVersion = 1;
	classes = {
	};
	objectVersion = 52;
	objects = {

/* Begin PBXBuildFile section */
		9F0EFC6C267BEBB600949045 /* HomePlusApp.swift in Sources */ = {isa = PBXBuildFile; fileRef = 9F0EFC6B267BEBB600949045 /* HomePlusApp.swift */; };
		9F0EFC70267BEBB700949045 /* Assets.xcassets in Resources */ = {isa = PBXBuildFile; fileRef = 9F0EFC6F267BEBB700949045 /* Assets.xcassets */; };
		9F0EFC73267BEBB700949045 /* Preview Assets.xcassets in Resources */ = {isa = PBXBuildFile; fileRef = 9F0EFC72267BEBB700949045 /* Preview Assets.xcassets */; };
		9F0EFC7C267BECF100949045 /* Realm in Frameworks */ = {isa = PBXBuildFile; productRef = 9F0EFC7B267BECF100949045 /* Realm */; };
		9F0EFC7E267BECF100949045 /* RealmSwift in Frameworks */ = {isa = PBXBuildFile; productRef = 9F0EFC7D267BECF100949045 /* RealmSwift */; };
		9F0EFC80267BED2400949045 /* AppState.swift in Sources */ = {isa = PBXBuildFile; fileRef = 9F0EFC7F267BED2400949045 /* AppState.swift */; };
		9F0EFCA1267BED4600949045 /* AddDeviceView.swift in Sources */ = {isa = PBXBuildFile; fileRef = 9F0EFC83267BED4600949045 /* AddDeviceView.swift */; };
		9F0EFCA2267BED4600949045 /* ManageTeamButton.swift in Sources */ = {isa = PBXBuildFile; fileRef = 9F0EFC84267BED4600949045 /* ManageTeamButton.swift */; };
		9F0EFCA3267BED4600949045 /* DeviceView.swift in Sources */ = {isa = PBXBuildFile; fileRef = 9F0EFC85267BED4600949045 /* DeviceView.swift */; };
		9F0EFCA4267BED4600949045 /* GroupsView.swift in Sources */ = {isa = PBXBuildFile; fileRef = 9F0EFC86267BED4600949045 /* GroupsView.swift */; };
		9F0EFCA5267BED4600949045 /* UpdateDeviceView.swift in Sources */ = {isa = PBXBuildFile; fileRef = 9F0EFC87267BED4600949045 /* UpdateDeviceView.swift */; };
		9F0EFCA6267BED4600949045 /* DevicesView.swift in Sources */ = {isa = PBXBuildFile; fileRef = 9F0EFC88267BED4600949045 /* DevicesView.swift */; };
		9F0EFCA7267BED4600949045 /* LogoutButton.swift in Sources */ = {isa = PBXBuildFile; fileRef = 9F0EFC8A267BED4600949045 /* LogoutButton.swift */; };
		9F0EFCA8267BED4600949045 /* LoginView.swift in Sources */ = {isa = PBXBuildFile; fileRef = 9F0EFC8B267BED4600949045 /* LoginView.swift */; };
		9F0EFCA9267BED4600949045 /* OpaqueProgressView.swift in Sources */ = {isa = PBXBuildFile; fileRef = 9F0EFC8D267BED4600949045 /* OpaqueProgressView.swift */; };
		9F0EFCAA267BED4600949045 /* LabeledText.swift in Sources */ = {isa = PBXBuildFile; fileRef = 9F0EFC8E267BED4600949045 /* LabeledText.swift */; };
		9F0EFCAB267BED4600949045 /* CallToActionButton.swift in Sources */ = {isa = PBXBuildFile; fileRef = 9F0EFC8F267BED4600949045 /* CallToActionButton.swift */; };
		9F0EFCAC267BED4600949045 /* CaptionLabel.swift in Sources */ = {isa = PBXBuildFile; fileRef = 9F0EFC90267BED4600949045 /* CaptionLabel.swift */; };
		9F0EFCAD267BED4600949045 /* InputField.swift in Sources */ = {isa = PBXBuildFile; fileRef = 9F0EFC91267BED4600949045 /* InputField.swift */; };
		9F0EFCAE267BED4600949045 /* LastUpdate.swift in Sources */ = {isa = PBXBuildFile; fileRef = 9F0EFC92267BED4600949045 /* LastUpdate.swift */; };
		9F0EFCAF267BED4600949045 /* LabeledButton.swift in Sources */ = {isa = PBXBuildFile; fileRef = 9F0EFC93267BED4600949045 /* LabeledButton.swift */; };
		9F0EFCB0267BED4600949045 /* CheckBox.swift in Sources */ = {isa = PBXBuildFile; fileRef = 9F0EFC94267BED4600949045 /* CheckBox.swift */; };
		9F0EFCB1267BED4600949045 /* TeamsView.swift in Sources */ = {isa = PBXBuildFile; fileRef = 9F0EFC96267BED4600949045 /* TeamsView.swift */; };
		9F0EFCB2267BED4600949045 /* AddTeamMemberView.swift in Sources */ = {isa = PBXBuildFile; fileRef = 9F0EFC97267BED4600949045 /* AddTeamMemberView.swift */; };
		9F0EFCB3267BED4600949045 /* ContentView.swift in Sources */ = {isa = PBXBuildFile; fileRef = 9F0EFC98267BED4600949045 /* ContentView.swift */; };
		9F0EFCB7267BED4600949045 /* User.swift in Sources */ = {isa = PBXBuildFile; fileRef = 9F0EFC9E267BED4600949045 /* User.swift */; };
		9F0EFCB8267BED4600949045 /* Device.swift in Sources */ = {isa = PBXBuildFile; fileRef = 9F0EFC9F267BED4600949045 /* Device.swift */; };
		9F0EFCB9267BED4600949045 /* DeviceGroup.swift in Sources */ = {isa = PBXBuildFile; fileRef = 9F0EFCA0267BED4600949045 /* DeviceGroup.swift */; };
		9F0EFCBE267BEF6400949045 /* SampleData.swift in Sources */ = {isa = PBXBuildFile; fileRef = 9F0EFCBB267BEF6400949045 /* SampleData.swift */; };
		9F0EFCBF267BEF6400949045 /* SampleRealm.swift in Sources */ = {isa = PBXBuildFile; fileRef = 9F0EFCBC267BEF6400949045 /* SampleRealm.swift */; };
		9F0EFCC0267BEF6400949045 /* PreviewHelpers.swift in Sources */ = {isa = PBXBuildFile; fileRef = 9F0EFCBD267BEF6400949045 /* PreviewHelpers.swift */; };
/* End PBXBuildFile section */

/* Begin PBXFileReference section */
		9F0EFC68267BEBB600949045 /* HomePlus.app */ = {isa = PBXFileReference; explicitFileType = wrapper.application; includeInIndex = 0; path = HomePlus.app; sourceTree = BUILT_PRODUCTS_DIR; };
		9F0EFC6B267BEBB600949045 /* HomePlusApp.swift */ = {isa = PBXFileReference; lastKnownFileType = sourcecode.swift; path = HomePlusApp.swift; sourceTree = "<group>"; };
		9F0EFC6F267BEBB700949045 /* Assets.xcassets */ = {isa = PBXFileReference; lastKnownFileType = folder.assetcatalog; path = Assets.xcassets; sourceTree = "<group>"; };
		9F0EFC72267BEBB700949045 /* Preview Assets.xcassets */ = {isa = PBXFileReference; lastKnownFileType = folder.assetcatalog; path = "Preview Assets.xcassets"; sourceTree = "<group>"; };
		9F0EFC74267BEBB700949045 /* Info.plist */ = {isa = PBXFileReference; lastKnownFileType = text.plist.xml; path = Info.plist; sourceTree = "<group>"; };
		9F0EFC7F267BED2400949045 /* AppState.swift */ = {isa = PBXFileReference; fileEncoding = 4; lastKnownFileType = sourcecode.swift; path = AppState.swift; sourceTree = "<group>"; };
		9F0EFC83267BED4600949045 /* AddDeviceView.swift */ = {isa = PBXFileReference; fileEncoding = 4; lastKnownFileType = sourcecode.swift; path = AddDeviceView.swift; sourceTree = "<group>"; };
		9F0EFC84267BED4600949045 /* ManageTeamButton.swift */ = {isa = PBXFileReference; fileEncoding = 4; lastKnownFileType = sourcecode.swift; path = ManageTeamButton.swift; sourceTree = "<group>"; };
		9F0EFC85267BED4600949045 /* DeviceView.swift */ = {isa = PBXFileReference; fileEncoding = 4; lastKnownFileType = sourcecode.swift; path = DeviceView.swift; sourceTree = "<group>"; };
		9F0EFC86267BED4600949045 /* GroupsView.swift */ = {isa = PBXFileReference; fileEncoding = 4; lastKnownFileType = sourcecode.swift; path = GroupsView.swift; sourceTree = "<group>"; };
		9F0EFC87267BED4600949045 /* UpdateDeviceView.swift */ = {isa = PBXFileReference; fileEncoding = 4; lastKnownFileType = sourcecode.swift; path = UpdateDeviceView.swift; sourceTree = "<group>"; };
		9F0EFC88267BED4600949045 /* DevicesView.swift */ = {isa = PBXFileReference; fileEncoding = 4; lastKnownFileType = sourcecode.swift; path = DevicesView.swift; sourceTree = "<group>"; };
		9F0EFC8A267BED4600949045 /* LogoutButton.swift */ = {isa = PBXFileReference; fileEncoding = 4; lastKnownFileType = sourcecode.swift; path = LogoutButton.swift; sourceTree = "<group>"; };
		9F0EFC8B267BED4600949045 /* LoginView.swift */ = {isa = PBXFileReference; fileEncoding = 4; lastKnownFileType = sourcecode.swift; path = LoginView.swift; sourceTree = "<group>"; };
		9F0EFC8D267BED4600949045 /* OpaqueProgressView.swift */ = {isa = PBXFileReference; fileEncoding = 4; lastKnownFileType = sourcecode.swift; path = OpaqueProgressView.swift; sourceTree = "<group>"; };
		9F0EFC8E267BED4600949045 /* LabeledText.swift */ = {isa = PBXFileReference; fileEncoding = 4; lastKnownFileType = sourcecode.swift; path = LabeledText.swift; sourceTree = "<group>"; };
		9F0EFC8F267BED4600949045 /* CallToActionButton.swift */ = {isa = PBXFileReference; fileEncoding = 4; lastKnownFileType = sourcecode.swift; path = CallToActionButton.swift; sourceTree = "<group>"; };
		9F0EFC90267BED4600949045 /* CaptionLabel.swift */ = {isa = PBXFileReference; fileEncoding = 4; lastKnownFileType = sourcecode.swift; path = CaptionLabel.swift; sourceTree = "<group>"; };
		9F0EFC91267BED4600949045 /* InputField.swift */ = {isa = PBXFileReference; fileEncoding = 4; lastKnownFileType = sourcecode.swift; path = InputField.swift; sourceTree = "<group>"; };
		9F0EFC92267BED4600949045 /* LastUpdate.swift */ = {isa = PBXFileReference; fileEncoding = 4; lastKnownFileType = sourcecode.swift; path = LastUpdate.swift; sourceTree = "<group>"; };
		9F0EFC93267BED4600949045 /* LabeledButton.swift */ = {isa = PBXFileReference; fileEncoding = 4; lastKnownFileType = sourcecode.swift; path = LabeledButton.swift; sourceTree = "<group>"; };
		9F0EFC94267BED4600949045 /* CheckBox.swift */ = {isa = PBXFileReference; fileEncoding = 4; lastKnownFileType = sourcecode.swift; path = CheckBox.swift; sourceTree = "<group>"; };
		9F0EFC96267BED4600949045 /* TeamsView.swift */ = {isa = PBXFileReference; fileEncoding = 4; lastKnownFileType = sourcecode.swift; path = TeamsView.swift; sourceTree = "<group>"; };
		9F0EFC97267BED4600949045 /* AddTeamMemberView.swift */ = {isa = PBXFileReference; fileEncoding = 4; lastKnownFileType = sourcecode.swift; path = AddTeamMemberView.swift; sourceTree = "<group>"; };
		9F0EFC98267BED4600949045 /* ContentView.swift */ = {isa = PBXFileReference; fileEncoding = 4; lastKnownFileType = sourcecode.swift; path = ContentView.swift; sourceTree = "<group>"; };
		9F0EFC9E267BED4600949045 /* User.swift */ = {isa = PBXFileReference; fileEncoding = 4; lastKnownFileType = sourcecode.swift; path = User.swift; sourceTree = "<group>"; };
		9F0EFC9F267BED4600949045 /* Device.swift */ = {isa = PBXFileReference; fileEncoding = 4; lastKnownFileType = sourcecode.swift; path = Device.swift; sourceTree = "<group>"; };
		9F0EFCA0267BED4600949045 /* DeviceGroup.swift */ = {isa = PBXFileReference; fileEncoding = 4; lastKnownFileType = sourcecode.swift; path = DeviceGroup.swift; sourceTree = "<group>"; };
		9F0EFCBB267BEF6400949045 /* SampleData.swift */ = {isa = PBXFileReference; fileEncoding = 4; lastKnownFileType = sourcecode.swift; path = SampleData.swift; sourceTree = "<group>"; };
		9F0EFCBC267BEF6400949045 /* SampleRealm.swift */ = {isa = PBXFileReference; fileEncoding = 4; lastKnownFileType = sourcecode.swift; path = SampleRealm.swift; sourceTree = "<group>"; };
		9F0EFCBD267BEF6400949045 /* PreviewHelpers.swift */ = {isa = PBXFileReference; fileEncoding = 4; lastKnownFileType = sourcecode.swift; path = PreviewHelpers.swift; sourceTree = "<group>"; };
/* End PBXFileReference section */

/* Begin PBXFrameworksBuildPhase section */
		9F0EFC65267BEBB600949045 /* Frameworks */ = {
			isa = PBXFrameworksBuildPhase;
			buildActionMask = 2147483647;
			files = (
				9F0EFC7E267BECF100949045 /* RealmSwift in Frameworks */,
				9F0EFC7C267BECF100949045 /* Realm in Frameworks */,
			);
			runOnlyForDeploymentPostprocessing = 0;
		};
/* End PBXFrameworksBuildPhase section */

/* Begin PBXGroup section */
		9F0EFC5F267BEBB600949045 = {
			isa = PBXGroup;
			children = (
				9F0EFC6A267BEBB600949045 /* HomePlus */,
				9F0EFC69267BEBB600949045 /* Products */,
			);
			sourceTree = "<group>";
		};
		9F0EFC69267BEBB600949045 /* Products */ = {
			isa = PBXGroup;
			children = (
				9F0EFC68267BEBB600949045 /* HomePlus.app */,
			);
			name = Products;
			sourceTree = "<group>";
		};
		9F0EFC6A267BEBB600949045 /* HomePlus */ = {
			isa = PBXGroup;
			children = (
				9F0EFC9D267BED4600949045 /* Models */,
				9F0EFC81267BED4600949045 /* Views */,
				9F0EFC7F267BED2400949045 /* AppState.swift */,
				9F0EFC6B267BEBB600949045 /* HomePlusApp.swift */,
				9F0EFC6F267BEBB700949045 /* Assets.xcassets */,
				9F0EFC74267BEBB700949045 /* Info.plist */,
				9F0EFC71267BEBB700949045 /* Preview Content */,
			);
			path = HomePlus;
			sourceTree = "<group>";
		};
		9F0EFC71267BEBB700949045 /* Preview Content */ = {
			isa = PBXGroup;
			children = (
				9F0EFCBA267BEF6400949045 /* Model */,
				9F0EFCBD267BEF6400949045 /* PreviewHelpers.swift */,
				9F0EFC72267BEBB700949045 /* Preview Assets.xcassets */,
			);
			path = "Preview Content";
			sourceTree = "<group>";
		};
		9F0EFC81267BED4600949045 /* Views */ = {
			isa = PBXGroup;
			children = (
				9F0EFC82267BED4600949045 /* DeviceGroups & Devices */,
				9F0EFC89267BED4600949045 /* User Accounts */,
				9F0EFC8C267BED4600949045 /* Components */,
				9F0EFC95267BED4600949045 /* Teams */,
				9F0EFC98267BED4600949045 /* ContentView.swift */,
			);
			path = Views;
			sourceTree = "<group>";
		};
		9F0EFC82267BED4600949045 /* DeviceGroups & Devices */ = {
			isa = PBXGroup;
			children = (
				9F0EFC83267BED4600949045 /* AddDeviceView.swift */,
				9F0EFC84267BED4600949045 /* ManageTeamButton.swift */,
				9F0EFC85267BED4600949045 /* DeviceView.swift */,
				9F0EFC86267BED4600949045 /* GroupsView.swift */,
				9F0EFC87267BED4600949045 /* UpdateDeviceView.swift */,
				9F0EFC88267BED4600949045 /* DevicesView.swift */,
			);
			path = "DeviceGroups & Devices";
			sourceTree = "<group>";
		};
		9F0EFC89267BED4600949045 /* User Accounts */ = {
			isa = PBXGroup;
			children = (
				9F0EFC8A267BED4600949045 /* LogoutButton.swift */,
				9F0EFC8B267BED4600949045 /* LoginView.swift */,
			);
			path = "User Accounts";
			sourceTree = "<group>";
		};
		9F0EFC8C267BED4600949045 /* Components */ = {
			isa = PBXGroup;
			children = (
				9F0EFC8D267BED4600949045 /* OpaqueProgressView.swift */,
				9F0EFC8E267BED4600949045 /* LabeledText.swift */,
				9F0EFC8F267BED4600949045 /* CallToActionButton.swift */,
				9F0EFC90267BED4600949045 /* CaptionLabel.swift */,
				9F0EFC91267BED4600949045 /* InputField.swift */,
				9F0EFC92267BED4600949045 /* LastUpdate.swift */,
				9F0EFC93267BED4600949045 /* LabeledButton.swift */,
				9F0EFC94267BED4600949045 /* CheckBox.swift */,
			);
			path = Components;
			sourceTree = "<group>";
		};
		9F0EFC95267BED4600949045 /* Teams */ = {
			isa = PBXGroup;
			children = (
				9F0EFC96267BED4600949045 /* TeamsView.swift */,
				9F0EFC97267BED4600949045 /* AddTeamMemberView.swift */,
			);
			path = Teams;
			sourceTree = "<group>";
		};
		9F0EFC9D267BED4600949045 /* Models */ = {
			isa = PBXGroup;
			children = (
				9F0EFC9E267BED4600949045 /* User.swift */,
				9F0EFC9F267BED4600949045 /* Device.swift */,
				9F0EFCA0267BED4600949045 /* DeviceGroup.swift */,
			);
			path = Models;
			sourceTree = "<group>";
		};
		9F0EFCBA267BEF6400949045 /* Model */ = {
			isa = PBXGroup;
			children = (
				9F0EFCBB267BEF6400949045 /* SampleData.swift */,
				9F0EFCBC267BEF6400949045 /* SampleRealm.swift */,
			);
			path = Model;
			sourceTree = "<group>";
		};
/* End PBXGroup section */

/* Begin PBXNativeTarget section */
		9F0EFC67267BEBB600949045 /* HomePlus */ = {
			isa = PBXNativeTarget;
			buildConfigurationList = 9F0EFC77267BEBB700949045 /* Build configuration list for PBXNativeTarget "HomePlus" */;
			buildPhases = (
				9F0EFC64267BEBB600949045 /* Sources */,
				9F0EFC65267BEBB600949045 /* Frameworks */,
				9F0EFC66267BEBB600949045 /* Resources */,
			);
			buildRules = (
			);
			dependencies = (
			);
			name = HomePlus;
			packageProductDependencies = (
				9F0EFC7B267BECF100949045 /* Realm */,
				9F0EFC7D267BECF100949045 /* RealmSwift */,
			);
			productName = HomePlus;
			productReference = 9F0EFC68267BEBB600949045 /* HomePlus.app */;
			productType = "com.apple.product-type.application";
		};
/* End PBXNativeTarget section */

/* Begin PBXProject section */
		9F0EFC60267BEBB600949045 /* Project object */ = {
			isa = PBXProject;
			attributes = {
				LastSwiftUpdateCheck = 1250;
				LastUpgradeCheck = 1250;
				TargetAttributes = {
					9F0EFC67267BEBB600949045 = {
						CreatedOnToolsVersion = 12.5;
					};
				};
			};
			buildConfigurationList = 9F0EFC63267BEBB600949045 /* Build configuration list for PBXProject "HomePlus" */;
			compatibilityVersion = "Xcode 9.3";
			developmentRegion = en;
			hasScannedForEncodings = 0;
			knownRegions = (
				en,
				Base,
			);
			mainGroup = 9F0EFC5F267BEBB600949045;
			packageReferences = (
				9F0EFC7A267BECF100949045 /* XCRemoteSwiftPackageReference "realm-cocoa" */,
			);
			productRefGroup = 9F0EFC69267BEBB600949045 /* Products */;
			projectDirPath = "";
			projectRoot = "";
			targets = (
				9F0EFC67267BEBB600949045 /* HomePlus */,
			);
		};
/* End PBXProject section */

/* Begin PBXResourcesBuildPhase section */
		9F0EFC66267BEBB600949045 /* Resources */ = {
			isa = PBXResourcesBuildPhase;
			buildActionMask = 2147483647;
			files = (
				9F0EFC73267BEBB700949045 /* Preview Assets.xcassets in Resources */,
				9F0EFC70267BEBB700949045 /* Assets.xcassets in Resources */,
			);
			runOnlyForDeploymentPostprocessing = 0;
		};
/* End PBXResourcesBuildPhase section */

/* Begin PBXSourcesBuildPhase section */
		9F0EFC64267BEBB600949045 /* Sources */ = {
			isa = PBXSourcesBuildPhase;
			buildActionMask = 2147483647;
			files = (
				9F0EFCB7267BED4600949045 /* User.swift in Sources */,
				9F0EFCB2267BED4600949045 /* AddTeamMemberView.swift in Sources */,
				9F0EFCAC267BED4600949045 /* CaptionLabel.swift in Sources */,
				9F0EFCB8267BED4600949045 /* Device.swift in Sources */,
				9F0EFC80267BED2400949045 /* AppState.swift in Sources */,
				9F0EFCA7267BED4600949045 /* LogoutButton.swift in Sources */,
				9F0EFCB1267BED4600949045 /* TeamsView.swift in Sources */,
				9F0EFCA3267BED4600949045 /* DeviceView.swift in Sources */,
				9F0EFCAA267BED4600949045 /* LabeledText.swift in Sources */,
				9F0EFCBF267BEF6400949045 /* SampleRealm.swift in Sources */,
				9F0EFCA2267BED4600949045 /* ManageTeamButton.swift in Sources */,
				9F0EFCB0267BED4600949045 /* CheckBox.swift in Sources */,
				9F0EFCAE267BED4600949045 /* LastUpdate.swift in Sources */,
				9F0EFCA1267BED4600949045 /* AddDeviceView.swift in Sources */,
				9F0EFCB3267BED4600949045 /* ContentView.swift in Sources */,
				9F0EFCC0267BEF6400949045 /* PreviewHelpers.swift in Sources */,
				9F0EFCA4267BED4600949045 /* GroupsView.swift in Sources */,
				9F0EFCAB267BED4600949045 /* CallToActionButton.swift in Sources */,
				9F0EFCAF267BED4600949045 /* LabeledButton.swift in Sources */,
				9F0EFCA6267BED4600949045 /* DevicesView.swift in Sources */,
				9F0EFCBE267BEF6400949045 /* SampleData.swift in Sources */,
				9F0EFCA8267BED4600949045 /* LoginView.swift in Sources */,
				9F0EFC6C267BEBB600949045 /* HomePlusApp.swift in Sources */,
				9F0EFCA9267BED4600949045 /* OpaqueProgressView.swift in Sources */,
				9F0EFCA5267BED4600949045 /* UpdateDeviceView.swift in Sources */,
				9F0EFCB9267BED4600949045 /* DeviceGroup.swift in Sources */,
				9F0EFCAD267BED4600949045 /* InputField.swift in Sources */,
			);
			runOnlyForDeploymentPostprocessing = 0;
		};
/* End PBXSourcesBuildPhase section */

/* Begin XCBuildConfiguration section */
		9F0EFC75267BEBB700949045 /* Debug */ = {
			isa = XCBuildConfiguration;
			buildSettings = {
				ALWAYS_SEARCH_USER_PATHS = NO;
				CLANG_ANALYZER_NONNULL = YES;
				CLANG_ANALYZER_NUMBER_OBJECT_CONVERSION = YES_AGGRESSIVE;
				CLANG_CXX_LANGUAGE_STANDARD = "gnu++14";
				CLANG_CXX_LIBRARY = "libc++";
				CLANG_ENABLE_MODULES = YES;
				CLANG_ENABLE_OBJC_ARC = YES;
				CLANG_ENABLE_OBJC_WEAK = YES;
				CLANG_WARN_BLOCK_CAPTURE_AUTORELEASING = YES;
				CLANG_WARN_BOOL_CONVERSION = YES;
				CLANG_WARN_COMMA = YES;
				CLANG_WARN_CONSTANT_CONVERSION = YES;
				CLANG_WARN_DEPRECATED_OBJC_IMPLEMENTATIONS = YES;
				CLANG_WARN_DIRECT_OBJC_ISA_USAGE = YES_ERROR;
				CLANG_WARN_DOCUMENTATION_COMMENTS = YES;
				CLANG_WARN_EMPTY_BODY = YES;
				CLANG_WARN_ENUM_CONVERSION = YES;
				CLANG_WARN_INFINITE_RECURSION = YES;
				CLANG_WARN_INT_CONVERSION = YES;
				CLANG_WARN_NON_LITERAL_NULL_CONVERSION = YES;
				CLANG_WARN_OBJC_IMPLICIT_RETAIN_SELF = YES;
				CLANG_WARN_OBJC_LITERAL_CONVERSION = YES;
				CLANG_WARN_OBJC_ROOT_CLASS = YES_ERROR;
				CLANG_WARN_QUOTED_INCLUDE_IN_FRAMEWORK_HEADER = YES;
				CLANG_WARN_RANGE_LOOP_ANALYSIS = YES;
				CLANG_WARN_STRICT_PROTOTYPES = YES;
				CLANG_WARN_SUSPICIOUS_MOVE = YES;
				CLANG_WARN_UNGUARDED_AVAILABILITY = YES_AGGRESSIVE;
				CLANG_WARN_UNREACHABLE_CODE = YES;
				CLANG_WARN__DUPLICATE_METHOD_MATCH = YES;
				COPY_PHASE_STRIP = NO;
				DEBUG_INFORMATION_FORMAT = dwarf;
				ENABLE_STRICT_OBJC_MSGSEND = YES;
				ENABLE_TESTABILITY = YES;
				GCC_C_LANGUAGE_STANDARD = gnu11;
				GCC_DYNAMIC_NO_PIC = NO;
				GCC_NO_COMMON_BLOCKS = YES;
				GCC_OPTIMIZATION_LEVEL = 0;
				GCC_PREPROCESSOR_DEFINITIONS = (
					"DEBUG=1",
					"$(inherited)",
				);
				GCC_WARN_64_TO_32_BIT_CONVERSION = YES;
				GCC_WARN_ABOUT_RETURN_TYPE = YES_ERROR;
				GCC_WARN_UNDECLARED_SELECTOR = YES;
				GCC_WARN_UNINITIALIZED_AUTOS = YES_AGGRESSIVE;
				GCC_WARN_UNUSED_FUNCTION = YES;
				GCC_WARN_UNUSED_VARIABLE = YES;
				IPHONEOS_DEPLOYMENT_TARGET = 14.5;
				MTL_ENABLE_DEBUG_INFO = INCLUDE_SOURCE;
				MTL_FAST_MATH = YES;
				ONLY_ACTIVE_ARCH = YES;
				SDKROOT = iphoneos;
				SWIFT_ACTIVE_COMPILATION_CONDITIONS = DEBUG;
				SWIFT_OPTIMIZATION_LEVEL = "-Onone";
			};
			name = Debug;
		};
		9F0EFC76267BEBB700949045 /* Release */ = {
			isa = XCBuildConfiguration;
			buildSettings = {
				ALWAYS_SEARCH_USER_PATHS = NO;
				CLANG_ANALYZER_NONNULL = YES;
				CLANG_ANALYZER_NUMBER_OBJECT_CONVERSION = YES_AGGRESSIVE;
				CLANG_CXX_LANGUAGE_STANDARD = "gnu++14";
				CLANG_CXX_LIBRARY = "libc++";
				CLANG_ENABLE_MODULES = YES;
				CLANG_ENABLE_OBJC_ARC = YES;
				CLANG_ENABLE_OBJC_WEAK = YES;
				CLANG_WARN_BLOCK_CAPTURE_AUTORELEASING = YES;
				CLANG_WARN_BOOL_CONVERSION = YES;
				CLANG_WARN_COMMA = YES;
				CLANG_WARN_CONSTANT_CONVERSION = YES;
				CLANG_WARN_DEPRECATED_OBJC_IMPLEMENTATIONS = YES;
				CLANG_WARN_DIRECT_OBJC_ISA_USAGE = YES_ERROR;
				CLANG_WARN_DOCUMENTATION_COMMENTS = YES;
				CLANG_WARN_EMPTY_BODY = YES;
				CLANG_WARN_ENUM_CONVERSION = YES;
				CLANG_WARN_INFINITE_RECURSION = YES;
				CLANG_WARN_INT_CONVERSION = YES;
				CLANG_WARN_NON_LITERAL_NULL_CONVERSION = YES;
				CLANG_WARN_OBJC_IMPLICIT_RETAIN_SELF = YES;
				CLANG_WARN_OBJC_LITERAL_CONVERSION = YES;
				CLANG_WARN_OBJC_ROOT_CLASS = YES_ERROR;
				CLANG_WARN_QUOTED_INCLUDE_IN_FRAMEWORK_HEADER = YES;
				CLANG_WARN_RANGE_LOOP_ANALYSIS = YES;
				CLANG_WARN_STRICT_PROTOTYPES = YES;
				CLANG_WARN_SUSPICIOUS_MOVE = YES;
				CLANG_WARN_UNGUARDED_AVAILABILITY = YES_AGGRESSIVE;
				CLANG_WARN_UNREACHABLE_CODE = YES;
				CLANG_WARN__DUPLICATE_METHOD_MATCH = YES;
				COPY_PHASE_STRIP = NO;
				DEBUG_INFORMATION_FORMAT = "dwarf-with-dsym";
				ENABLE_NS_ASSERTIONS = NO;
				ENABLE_STRICT_OBJC_MSGSEND = YES;
				GCC_C_LANGUAGE_STANDARD = gnu11;
				GCC_NO_COMMON_BLOCKS = YES;
				GCC_WARN_64_TO_32_BIT_CONVERSION = YES;
				GCC_WARN_ABOUT_RETURN_TYPE = YES_ERROR;
				GCC_WARN_UNDECLARED_SELECTOR = YES;
				GCC_WARN_UNINITIALIZED_AUTOS = YES_AGGRESSIVE;
				GCC_WARN_UNUSED_FUNCTION = YES;
				GCC_WARN_UNUSED_VARIABLE = YES;
				IPHONEOS_DEPLOYMENT_TARGET = 14.5;
				MTL_ENABLE_DEBUG_INFO = NO;
				MTL_FAST_MATH = YES;
				SDKROOT = iphoneos;
				SWIFT_COMPILATION_MODE = wholemodule;
				SWIFT_OPTIMIZATION_LEVEL = "-O";
				VALIDATE_PRODUCT = YES;
			};
			name = Release;
		};
		9F0EFC78267BEBB700949045 /* Debug */ = {
			isa = XCBuildConfiguration;
			buildSettings = {
				ASSETCATALOG_COMPILER_APPICON_NAME = AppIcon;
				ASSETCATALOG_COMPILER_GLOBAL_ACCENT_COLOR_NAME = AccentColor;
				CODE_SIGN_STYLE = Automatic;
				DEVELOPMENT_ASSET_PATHS = "\"HomePlus/Preview Content\"";
				DEVELOPMENT_TEAM = 58Q5485J43;
				ENABLE_PREVIEWS = YES;
				INFOPLIST_FILE = HomePlus/Info.plist;
				IPHONEOS_DEPLOYMENT_TARGET = 14.0;
				LD_RUNPATH_SEARCH_PATHS = (
					"$(inherited)",
					"@executable_path/Frameworks",
				);
				PRODUCT_BUNDLE_IDENTIFIER = com.janek.HomePlus;
				PRODUCT_NAME = "$(TARGET_NAME)";
				SWIFT_VERSION = 5.0;
				TARGETED_DEVICE_FAMILY = "1,2";
			};
			name = Debug;
		};
		9F0EFC79267BEBB700949045 /* Release */ = {
			isa = XCBuildConfiguration;
			buildSettings = {
				ASSETCATALOG_COMPILER_APPICON_NAME = AppIcon;
				ASSETCATALOG_COMPILER_GLOBAL_ACCENT_COLOR_NAME = AccentColor;
				CODE_SIGN_STYLE = Automatic;
				DEVELOPMENT_ASSET_PATHS = "\"HomePlus/Preview Content\"";
				DEVELOPMENT_TEAM = 58Q5485J43;
				ENABLE_PREVIEWS = YES;
				INFOPLIST_FILE = HomePlus/Info.plist;
				IPHONEOS_DEPLOYMENT_TARGET = 14.0;
				LD_RUNPATH_SEARCH_PATHS = (
					"$(inherited)",
					"@executable_path/Frameworks",
				);
				PRODUCT_BUNDLE_IDENTIFIER = com.janek.HomePlus;
				PRODUCT_NAME = "$(TARGET_NAME)";
				SWIFT_VERSION = 5.0;
				TARGETED_DEVICE_FAMILY = "1,2";
			};
			name = Release;
		};
/* End XCBuildConfiguration section */

/* Begin XCConfigurationList section */
		9F0EFC63267BEBB600949045 /* Build configuration list for PBXProject "HomePlus" */ = {
			isa = XCConfigurationList;
			buildConfigurations = (
				9F0EFC75267BEBB700949045 /* Debug */,
				9F0EFC76267BEBB700949045 /* Release */,
			);
			defaultConfigurationIsVisible = 0;
			defaultConfigurationName = Release;
		};
		9F0EFC77267BEBB700949045 /* Build configuration list for PBXNativeTarget "HomePlus" */ = {
			isa = XCConfigurationList;
			buildConfigurations = (
				9F0EFC78267BEBB700949045 /* Debug */,
				9F0EFC79267BEBB700949045 /* Release */,
			);
			defaultConfigurationIsVisible = 0;
			defaultConfigurationName = Release;
		};
/* End XCConfigurationList section */

/* Begin XCRemoteSwiftPackageReference section */
		9F0EFC7A267BECF100949045 /* XCRemoteSwiftPackageReference "realm-cocoa" */ = {
			isa = XCRemoteSwiftPackageReference;
			repositoryURL = "https://github.com/realm/realm-cocoa";
			requirement = {
				kind = upToNextMajorVersion;
				minimumVersion = 10.8.0;
			};
		};
/* End XCRemoteSwiftPackageReference section */

/* Begin XCSwiftPackageProductDependency section */
		9F0EFC7B267BECF100949045 /* Realm */ = {
			isa = XCSwiftPackageProductDependency;
			package = 9F0EFC7A267BECF100949045 /* XCRemoteSwiftPackageReference "realm-cocoa" */;
			productName = Realm;
		};
		9F0EFC7D267BECF100949045 /* RealmSwift */ = {
			isa = XCSwiftPackageProductDependency;
			package = 9F0EFC7A267BECF100949045 /* XCRemoteSwiftPackageReference "realm-cocoa" */;
			productName = RealmSwift;
		};
/* End XCSwiftPackageProductDependency section */
	};
	rootObject = 9F0EFC60267BEBB600949045 /* Project object */;
}
